
Microsoft Visual Studio Solution File, Format Version 10.00
# Visual Studio 2008
Project("{8BC9CEB8-8B4A-11D0-8D11-00A0C91BC942}") = "ListBoxExDemo", "ListBoxExDemo.vcproj", "{976FDA28-49BC-42A6-80D2-07738D1904AA}"
EndProject
Global
	GlobalSection(SolutionConfigurationPlatforms) = preSolution
		Debug|Win32 = Debug|Win32
		Release|Win32 = Release|Win32
	EndGlobalSection
	GlobalSection(ProjectConfigurationPlatforms) = postSolution
		{976FDA28-49BC-42A6-80D2-07738D1904AA}.Debug|Win32.ActiveCfg = Debug|Win32
		{976FDA28-49BC-42A6-80D2-07738D1904AA}.Debug|Win32.Build.0 = Debug|Win32
		{976FDA28-49BC-42A6-80D2-07738D1904AA}.Release|Win32.ActiveCfg = Release|Win32
		{976FDA28-49BC-42A6-80D2-07738D1904AA}.Release|Win32.Build.0 = Release|Win32
	EndGlobalSection
	GlobalSection(SolutionProperties) = preSolution
		HideSolutionNode = FALSE
	EndGlobalSection
EndGlobal
